
Microsoft Visual Studio Solution File, Format Version 12.00
# Visual Studio Version 17
VisualStudioVersion = 17.14.36401.2 d17.14
MinimumVisualStudioVersion = 10.0.40219.1
Project("{FAE04EC0-301F-11D3-BF4B-00C04F79EFBC}") = "Kilpailu Console app", "Kilpailu Console app\Kilpailu Console app.csproj", "{5911814F-3FD9-4300-9F69-4DBC63CD85DD}"
EndProject
Global
	GlobalSection(SolutionConfigurationPlatforms) = preSolution
		Debug|Any CPU = Debug|Any CPU
		Release|Any CPU = Release|Any CPU
	EndGlobalSection
	GlobalSection(ProjectConfigurationPlatforms) = postSolution
		{5911814F-3FD9-4300-9F69-4DBC63CD85DD}.Debug|Any CPU.ActiveCfg = Debug|Any CPU
		{5911814F-3FD9-4300-9F69-4DBC63CD85DD}.Debug|Any CPU.Build.0 = Debug|Any CPU
		{5911814F-3FD9-4300-9F69-4DBC63CD85DD}.Release|Any CPU.ActiveCfg = Release|Any CPU
		{5911814F-3FD9-4300-9F69-4DBC63CD85DD}.Release|Any CPU.Build.0 = Release|Any CPU
	EndGlobalSection
	GlobalSection(SolutionProperties) = preSolution
		HideSolutionNode = FALSE
	EndGlobalSection
	GlobalSection(ExtensibilityGlobals) = postSolution
		SolutionGuid = {C0B869F5-6C13-46EE-B39C-0944DAD08A06}
	EndGlobalSection
EndGlobal
